
Microsoft Visual Studio Solution File, Format Version 12.00
# Visual Studio Version 16
VisualStudioVersion = 16.0.29306.81
MinimumVisualStudioVersion = 10.0.40219.1
Project("{FAE04EC0-301F-11D3-BF4B-00C04F79EFBC}") = "ProjetoMPSP.API", "ProjetoMPSP.API\ProjetoMPSP.API.csproj", "{5C6587EF-AC58-4A76-AF3E-EDB97951F9E9}"
EndProject
Project("{FAE04EC0-301F-11D3-BF4B-00C04F79EFBC}") = "ProjetoMPSP.Domain", "ProjetoMPSP.Domain\ProjetoMPSP.Domain.csproj", "{5B1C8315-1F56-4F52-837D-CA62939AB2D0}"
EndProject
Project("{FAE04EC0-301F-11D3-BF4B-00C04F79EFBC}") = "ProjetoMPSP.Infrastructure", "ProjetoMPSP.Infrastructure\ProjetoMPSP.Infrastructure.csproj", "{787BBDCC-79E1-4758-AA8B-7ED6DDB7C2FE}"
EndProject
Global
	GlobalSection(SolutionConfigurationPlatforms) = preSolution
		Debug|Any CPU = Debug|Any CPU
		Release|Any CPU = Release|Any CPU
	EndGlobalSection
	GlobalSection(ProjectConfigurationPlatforms) = postSolution
		{5C6587EF-AC58-4A76-AF3E-EDB97951F9E9}.Debug|Any CPU.ActiveCfg = Debug|Any CPU
		{5C6587EF-AC58-4A76-AF3E-EDB97951F9E9}.Debug|Any CPU.Build.0 = Debug|Any CPU
		{5C6587EF-AC58-4A76-AF3E-EDB97951F9E9}.Release|Any CPU.ActiveCfg = Release|Any CPU
		{5C6587EF-AC58-4A76-AF3E-EDB97951F9E9}.Release|Any CPU.Build.0 = Release|Any CPU
		{5B1C8315-1F56-4F52-837D-CA62939AB2D0}.Debug|Any CPU.ActiveCfg = Debug|Any CPU
		{5B1C8315-1F56-4F52-837D-CA62939AB2D0}.Debug|Any CPU.Build.0 = Debug|Any CPU
		{5B1C8315-1F56-4F52-837D-CA62939AB2D0}.Release|Any CPU.ActiveCfg = Release|Any CPU
		{5B1C8315-1F56-4F52-837D-CA62939AB2D0}.Release|Any CPU.Build.0 = Release|Any CPU
		{787BBDCC-79E1-4758-AA8B-7ED6DDB7C2FE}.Debug|Any CPU.ActiveCfg = Debug|Any CPU
		{787BBDCC-79E1-4758-AA8B-7ED6DDB7C2FE}.Debug|Any CPU.Build.0 = Debug|Any CPU
		{787BBDCC-79E1-4758-AA8B-7ED6DDB7C2FE}.Release|Any CPU.ActiveCfg = Release|Any CPU
		{787BBDCC-79E1-4758-AA8B-7ED6DDB7C2FE}.Release|Any CPU.Build.0 = Release|Any CPU
	EndGlobalSection
	GlobalSection(SolutionProperties) = preSolution
		HideSolutionNode = FALSE
	EndGlobalSection
	GlobalSection(ExtensibilityGlobals) = postSolution
		SolutionGuid = {E61918F4-F076-4A91-8BC4-AA9C251FA2BB}
	EndGlobalSection
EndGlobal
